// !$*UTF8*$!
{
	archiveVersion = 1;
	classes = {
	};
	objectVersion = 50;
	objects = {

/* Begin PBXBuildFile section */
		1D32BB31264E9C030025BF36 /* Tests_iOS.swift in Sources */ = {isa = PBXBuildFile; fileRef = 1D32BB30264E9C030025BF36 /* Tests_iOS.swift */; };
		1D32BB3C264E9C030025BF36 /* Tests_macOS.swift in Sources */ = {isa = PBXBuildFile; fileRef = 1D32BB3B264E9C030025BF36 /* Tests_macOS.swift */; };
		1D32BB3E264E9C030025BF36 /* ToDoListApp.swift in Sources */ = {isa = PBXBuildFile; fileRef = 1D32BB15264E9C010025BF36 /* ToDoListApp.swift */; };
		1D32BB3F264E9C030025BF36 /* ToDoListApp.swift in Sources */ = {isa = PBXBuildFile; fileRef = 1D32BB15264E9C010025BF36 /* ToDoListApp.swift */; };
		1D32BB42264E9C030025BF36 /* Assets.xcassets in Resources */ = {isa = PBXBuildFile; fileRef = 1D32BB17264E9C020025BF36 /* Assets.xcassets */; };
		1D32BB43264E9C030025BF36 /* Assets.xcassets in Resources */ = {isa = PBXBuildFile; fileRef = 1D32BB17264E9C020025BF36 /* Assets.xcassets */; };
		1D32BB53264E9FCE0025BF36 /* menu.json in Resources */ = {isa = PBXBuildFile; fileRef = 1D32BB52264E9FCE0025BF36 /* menu.json */; };
		1D32BB54264E9FCE0025BF36 /* menu.json in Resources */ = {isa = PBXBuildFile; fileRef = 1D32BB52264E9FCE0025BF36 /* menu.json */; };
		1D32BB56264EA0070025BF36 /* ContentView.swift in Sources */ = {isa = PBXBuildFile; fileRef = 1D32BB55264EA0070025BF36 /* ContentView.swift */; };
		1D32BB57264EA0070025BF36 /* ContentView.swift in Sources */ = {isa = PBXBuildFile; fileRef = 1D32BB55264EA0070025BF36 /* ContentView.swift */; };
		1D32BB59264EA0230025BF36 /* Helper.swift in Sources */ = {isa = PBXBuildFile; fileRef = 1D32BB58264EA0230025BF36 /* Helper.swift */; };
		1D32BB5A264EA0230025BF36 /* Helper.swift in Sources */ = {isa = PBXBuildFile; fileRef = 1D32BB58264EA0230025BF36 /* Helper.swift */; };
		1D32BB5C264EA0830025BF36 /* Menu.swift in Sources */ = {isa = PBXBuildFile; fileRef = 1D32BB5B264EA0830025BF36 /* Menu.swift */; };
		1D32BB5D264EA0830025BF36 /* Menu.swift in Sources */ = {isa = PBXBuildFile; fileRef = 1D32BB5B264EA0830025BF36 /* Menu.swift */; };
		1D32BB5F264EA08C0025BF36 /* ItemRow.swift in Sources */ = {isa = PBXBuildFile; fileRef = 1D32BB5E264EA08C0025BF36 /* ItemRow.swift */; };
		1D32BB60264EA08C0025BF36 /* ItemRow.swift in Sources */ = {isa = PBXBuildFile; fileRef = 1D32BB5E264EA08C0025BF36 /* ItemRow.swift */; };
		1D32BB62264EA0960025BF36 /* ItemDetail.swift in Sources */ = {isa = PBXBuildFile; fileRef = 1D32BB61264EA0960025BF36 /* ItemDetail.swift */; };
		1D32BB63264EA0960025BF36 /* ItemDetail.swift in Sources */ = {isa = PBXBuildFile; fileRef = 1D32BB61264EA0960025BF36 /* ItemDetail.swift */; };
		1D32BB65264EA0BE0025BF36 /* Order.swift in Sources */ = {isa = PBXBuildFile; fileRef = 1D32BB64264EA0BE0025BF36 /* Order.swift */; };
		1D32BB66264EA0BE0025BF36 /* Order.swift in Sources */ = {isa = PBXBuildFile; fileRef = 1D32BB64264EA0BE0025BF36 /* Order.swift */; };
		1D32BB68264EA1090025BF36 /* MainView.swift in Sources */ = {isa = PBXBuildFile; fileRef = 1D32BB67264EA1090025BF36 /* MainView.swift */; };
		1D32BB69264EA1090025BF36 /* MainView.swift in Sources */ = {isa = PBXBuildFile; fileRef = 1D32BB67264EA1090025BF36 /* MainView.swift */; };
		1D32BB6B264EA1180025BF36 /* OrderView.swift in Sources */ = {isa = PBXBuildFile; fileRef = 1D32BB6A264EA1180025BF36 /* OrderView.swift */; };
		1D32BB6C264EA1180025BF36 /* OrderView.swift in Sources */ = {isa = PBXBuildFile; fileRef = 1D32BB6A264EA1180025BF36 /* OrderView.swift */; };
		1D32BB6E264EA1430025BF36 /* CheckoutView.swift in Sources */ = {isa = PBXBuildFile; fileRef = 1D32BB6D264EA1430025BF36 /* CheckoutView.swift */; };
		1D32BB6F264EA1430025BF36 /* CheckoutView.swift in Sources */ = {isa = PBXBuildFile; fileRef = 1D32BB6D264EA1430025BF36 /* CheckoutView.swift */; };
/* End PBXBuildFile section */

/* Begin PBXContainerItemProxy section */
		1D32BB2D264E9C030025BF36 /* PBXContainerItemProxy */ = {
			isa = PBXContainerItemProxy;
			containerPortal = 1D32BB10264E9C010025BF36 /* Project object */;
			proxyType = 1;
			remoteGlobalIDString = 1D32BB1B264E9C030025BF36;
			remoteInfo = "ToDoList (iOS)";
		};
		1D32BB38264E9C030025BF36 /* PBXContainerItemProxy */ = {
			isa = PBXContainerItemProxy;
			containerPortal = 1D32BB10264E9C010025BF36 /* Project object */;
			proxyType = 1;
			remoteGlobalIDString = 1D32BB23264E9C030025BF36;
			remoteInfo = "ToDoList (macOS)";
		};
/* End PBXContainerItemProxy section */

/* Begin PBXFileReference section */
		1D32BB15264E9C010025BF36 /* ToDoListApp.swift */ = {isa = PBXFileReference; lastKnownFileType = sourcecode.swift; path = ToDoListApp.swift; sourceTree = "<group>"; };
		1D32BB17264E9C020025BF36 /* Assets.xcassets */ = {isa = PBXFileReference; lastKnownFileType = folder.assetcatalog; path = Assets.xcassets; sourceTree = "<group>"; };
		1D32BB1C264E9C030025BF36 /* ToDoList.app */ = {isa = PBXFileReference; explicitFileType = wrapper.application; includeInIndex = 0; path = ToDoList.app; sourceTree = BUILT_PRODUCTS_DIR; };
		1D32BB1F264E9C030025BF36 /* Info.plist */ = {isa = PBXFileReference; lastKnownFileType = text.plist.xml; path = Info.plist; sourceTree = "<group>"; };
		1D32BB24264E9C030025BF36 /* ToDoList.app */ = {isa = PBXFileReference; explicitFileType = wrapper.application; includeInIndex = 0; path = ToDoList.app; sourceTree = BUILT_PRODUCTS_DIR; };
		1D32BB26264E9C030025BF36 /* Info.plist */ = {isa = PBXFileReference; lastKnownFileType = text.plist.xml; path = Info.plist; sourceTree = "<group>"; };
		1D32BB27264E9C030025BF36 /* macOS.entitlements */ = {isa = PBXFileReference; lastKnownFileType = text.plist.entitlements; path = macOS.entitlements; sourceTree = "<group>"; };
		1D32BB2C264E9C030025BF36 /* Tests iOS.xctest */ = {isa = PBXFileReference; explicitFileType = wrapper.cfbundle; includeInIndex = 0; path = "Tests iOS.xctest"; sourceTree = BUILT_PRODUCTS_DIR; };
		1D32BB30264E9C030025BF36 /* Tests_iOS.swift */ = {isa = PBXFileReference; lastKnownFileType = sourcecode.swift; path = Tests_iOS.swift; sourceTree = "<group>"; };
		1D32BB32264E9C030025BF36 /* Info.plist */ = {isa = PBXFileReference; lastKnownFileType = text.plist.xml; path = Info.plist; sourceTree = "<group>"; };
		1D32BB37264E9C030025BF36 /* Tests macOS.xctest */ = {isa = PBXFileReference; explicitFileType = wrapper.cfbundle; includeInIndex = 0; path = "Tests macOS.xctest"; sourceTree = BUILT_PRODUCTS_DIR; };
		1D32BB3B264E9C030025BF36 /* Tests_macOS.swift */ = {isa = PBXFileReference; lastKnownFileType = sourcecode.swift; path = Tests_macOS.swift; sourceTree = "<group>"; };
		1D32BB3D264E9C030025BF36 /* Info.plist */ = {isa = PBXFileReference; lastKnownFileType = text.plist.xml; path = Info.plist; sourceTree = "<group>"; };
		1D32BB52264E9FCE0025BF36 /* menu.json */ = {isa = PBXFileReference; fileEncoding = 4; lastKnownFileType = text.json; name = menu.json; path = "../../../../../Downloads/iDine-main/iDine/menu.json"; sourceTree = "<group>"; };
		1D32BB55264EA0070025BF36 /* ContentView.swift */ = {isa = PBXFileReference; fileEncoding = 4; lastKnownFileType = sourcecode.swift; name = ContentView.swift; path = "../../../../../Downloads/iDine-main/iDine/ContentView.swift"; sourceTree = "<group>"; };
		1D32BB58264EA0230025BF36 /* Helper.swift */ = {isa = PBXFileReference; fileEncoding = 4; lastKnownFileType = sourcecode.swift; name = Helper.swift; path = "../../../../../Downloads/iDine-main/iDine/Helper.swift"; sourceTree = "<group>"; };
		1D32BB5B264EA0830025BF36 /* Menu.swift */ = {isa = PBXFileReference; fileEncoding = 4; lastKnownFileType = sourcecode.swift; name = Menu.swift; path = "../../../../../Downloads/iDine-main/iDine/Menu.swift"; sourceTree = "<group>"; };
		1D32BB5E264EA08C0025BF36 /* ItemRow.swift */ = {isa = PBXFileReference; fileEncoding = 4; lastKnownFileType = sourcecode.swift; name = ItemRow.swift; path = "../../../../../Downloads/iDine-main/iDine/ItemRow.swift"; sourceTree = "<group>"; };
		1D32BB61264EA0960025BF36 /* ItemDetail.swift */ = {isa = PBXFileReference; fileEncoding = 4; lastKnownFileType = sourcecode.swift; name = ItemDetail.swift; path = "../../../../../Downloads/iDine-main/iDine/ItemDetail.swift"; sourceTree = "<group>"; };
		1D32BB64264EA0BE0025BF36 /* Order.swift */ = {isa = PBXFileReference; fileEncoding = 4; lastKnownFileType = sourcecode.swift; name = Order.swift; path = "../../../../../Downloads/iDine-main/iDine/Order.swift"; sourceTree = "<group>"; };
		1D32BB67264EA1090025BF36 /* MainView.swift */ = {isa = PBXFileReference; fileEncoding = 4; lastKnownFileType = sourcecode.swift; name = MainView.swift; path = "../../../../../Downloads/iDine-main/iDine/MainView.swift"; sourceTree = "<group>"; };
		1D32BB6A264EA1180025BF36 /* OrderView.swift */ = {isa = PBXFileReference; fileEncoding = 4; lastKnownFileType = sourcecode.swift; name = OrderView.swift; path = "../../../../../Downloads/iDine-main/iDine/OrderView.swift"; sourceTree = "<group>"; };
		1D32BB6D264EA1430025BF36 /* CheckoutView.swift */ = {isa = PBXFileReference; fileEncoding = 4; lastKnownFileType = sourcecode.swift; name = CheckoutView.swift; path = "../../../../../Downloads/iDine-main/iDine/CheckoutView.swift"; sourceTree = "<group>"; };
/* End PBXFileReference section */

/* Begin PBXFrameworksBuildPhase section */
		1D32BB19264E9C030025BF36 /* Frameworks */ = {
			isa = PBXFrameworksBuildPhase;
			buildActionMask = 2147483647;
			files = (
			);
			runOnlyForDeploymentPostprocessing = 0;
		};
		1D32BB21264E9C030025BF36 /* Frameworks */ = {
			isa = PBXFrameworksBuildPhase;
			buildActionMask = 2147483647;
			files = (
			);
			runOnlyForDeploymentPostprocessing = 0;
		};
		1D32BB29264E9C030025BF36 /* Frameworks */ = {
			isa = PBXFrameworksBuildPhase;
			buildActionMask = 2147483647;
			files = (
			);
			runOnlyForDeploymentPostprocessing = 0;
		};
		1D32BB34264E9C030025BF36 /* Frameworks */ = {
			isa = PBXFrameworksBuildPhase;
			buildActionMask = 2147483647;
			files = (
			);
			runOnlyForDeploymentPostprocessing = 0;
		};
/* End PBXFrameworksBuildPhase section */

/* Begin PBXGroup section */
		1D32BB0F264E9C010025BF36 = {
			isa = PBXGroup;
			children = (
				1D32BB14264E9C010025BF36 /* Shared */,
				1D32BB1E264E9C030025BF36 /* iOS */,
				1D32BB25264E9C030025BF36 /* macOS */,
				1D32BB2F264E9C030025BF36 /* Tests iOS */,
				1D32BB3A264E9C030025BF36 /* Tests macOS */,
				1D32BB1D264E9C030025BF36 /* Products */,
			);
			sourceTree = "<group>";
		};
		1D32BB14264E9C010025BF36 /* Shared */ = {
			isa = PBXGroup;
			children = (
				1D32BB15264E9C010025BF36 /* ToDoListApp.swift */,
				1D32BB55264EA0070025BF36 /* ContentView.swift */,
				1D32BB61264EA0960025BF36 /* ItemDetail.swift */,
				1D32BB5B264EA0830025BF36 /* Menu.swift */,
				1D32BB6A264EA1180025BF36 /* OrderView.swift */,
				1D32BB6D264EA1430025BF36 /* CheckoutView.swift */,
				1D32BB67264EA1090025BF36 /* MainView.swift */,
				1D32BB58264EA0230025BF36 /* Helper.swift */,
				1D32BB5E264EA08C0025BF36 /* ItemRow.swift */,
				1D32BB64264EA0BE0025BF36 /* Order.swift */,
				1D32BB52264E9FCE0025BF36 /* menu.json */,
				1D32BB17264E9C020025BF36 /* Assets.xcassets */,
			);
			path = Shared;
			sourceTree = "<group>";
		};
		1D32BB1D264E9C030025BF36 /* Products */ = {
			isa = PBXGroup;
			children = (
				1D32BB1C264E9C030025BF36 /* ToDoList.app */,
				1D32BB24264E9C030025BF36 /* ToDoList.app */,
				1D32BB2C264E9C030025BF36 /* Tests iOS.xctest */,
				1D32BB37264E9C030025BF36 /* Tests macOS.xctest */,
			);
			name = Products;
			sourceTree = "<group>";
		};
		1D32BB1E264E9C030025BF36 /* iOS */ = {
			isa = PBXGroup;
			children = (
				1D32BB1F264E9C030025BF36 /* Info.plist */,
			);
			path = iOS;
			sourceTree = "<group>";
		};
		1D32BB25264E9C030025BF36 /* macOS */ = {
			isa = PBXGroup;
			children = (
				1D32BB26264E9C030025BF36 /* Info.plist */,
				1D32BB27264E9C030025BF36 /* macOS.entitlements */,
			);
			path = macOS;
			sourceTree = "<group>";
		};
		1D32BB2F264E9C030025BF36 /* Tests iOS */ = {
			isa = PBXGroup;
			children = (
				1D32BB30264E9C030025BF36 /* Tests_iOS.swift */,
				1D32BB32264E9C030025BF36 /* Info.plist */,
			);
			path = "Tests iOS";
			sourceTree = "<group>";
		};
		1D32BB3A264E9C030025BF36 /* Tests macOS */ = {
			isa = PBXGroup;
			children = (
				1D32BB3B264E9C030025BF36 /* Tests_macOS.swift */,
				1D32BB3D264E9C030025BF36 /* Info.plist */,
			);
			path = "Tests macOS";
			sourceTree = "<group>";
		};
/* End PBXGroup section */

/* Begin PBXNativeTarget section */
		1D32BB1B264E9C030025BF36 /* ToDoList (iOS) */ = {
			isa = PBXNativeTarget;
			buildConfigurationList = 1D32BB46264E9C030025BF36 /* Build configuration list for PBXNativeTarget "ToDoList (iOS)" */;
			buildPhases = (
				1D32BB18264E9C030025BF36 /* Sources */,
				1D32BB19264E9C030025BF36 /* Frameworks */,
				1D32BB1A264E9C030025BF36 /* Resources */,
			);
			buildRules = (
			);
			dependencies = (
			);
			name = "ToDoList (iOS)";
			productName = "ToDoList (iOS)";
			productReference = 1D32BB1C264E9C030025BF36 /* ToDoList.app */;
			productType = "com.apple.product-type.application";
		};
		1D32BB23264E9C030025BF36 /* ToDoList (macOS) */ = {
			isa = PBXNativeTarget;
			buildConfigurationList = 1D32BB49264E9C030025BF36 /* Build configuration list for PBXNativeTarget "ToDoList (macOS)" */;
			buildPhases = (
				1D32BB20264E9C030025BF36 /* Sources */,
				1D32BB21264E9C030025BF36 /* Frameworks */,
				1D32BB22264E9C030025BF36 /* Resources */,
			);
			buildRules = (
			);
			dependencies = (
			);
			name = "ToDoList (macOS)";
			productName = "ToDoList (macOS)";
			productReference = 1D32BB24264E9C030025BF36 /* ToDoList.app */;
			productType = "com.apple.product-type.application";
		};
		1D32BB2B264E9C030025BF36 /* Tests iOS */ = {
			isa = PBXNativeTarget;
			buildConfigurationList = 1D32BB4C264E9C030025BF36 /* Build configuration list for PBXNativeTarget "Tests iOS" */;
			buildPhases = (
				1D32BB28264E9C030025BF36 /* Sources */,
				1D32BB29264E9C030025BF36 /* Frameworks */,
				1D32BB2A264E9C030025BF36 /* Resources */,
			);
			buildRules = (
			);
			dependencies = (
				1D32BB2E264E9C030025BF36 /* PBXTargetDependency */,
			);
			name = "Tests iOS";
			productName = "Tests iOS";
			productReference = 1D32BB2C264E9C030025BF36 /* Tests iOS.xctest */;
			productType = "com.apple.product-type.bundle.ui-testing";
		};
		1D32BB36264E9C030025BF36 /* Tests macOS */ = {
			isa = PBXNativeTarget;
			buildConfigurationList = 1D32BB4F264E9C030025BF36 /* Build configuration list for PBXNativeTarget "Tests macOS" */;
			buildPhases = (
				1D32BB33264E9C030025BF36 /* Sources */,
				1D32BB34264E9C030025BF36 /* Frameworks */,
				1D32BB35264E9C030025BF36 /* Resources */,
			);
			buildRules = (
			);
			dependencies = (
				1D32BB39264E9C030025BF36 /* PBXTargetDependency */,
			);
			name = "Tests macOS";
			productName = "Tests macOS";
			productReference = 1D32BB37264E9C030025BF36 /* Tests macOS.xctest */;
			productType = "com.apple.product-type.bundle.ui-testing";
		};
/* End PBXNativeTarget section */

/* Begin PBXProject section */
		1D32BB10264E9C010025BF36 /* Project object */ = {
			isa = PBXProject;
			attributes = {
				LastSwiftUpdateCheck = 1250;
				LastUpgradeCheck = 1250;
				TargetAttributes = {
					1D32BB1B264E9C030025BF36 = {
						CreatedOnToolsVersion = 12.5;
					};
					1D32BB23264E9C030025BF36 = {
						CreatedOnToolsVersion = 12.5;
					};
					1D32BB2B264E9C030025BF36 = {
						CreatedOnToolsVersion = 12.5;
						TestTargetID = 1D32BB1B264E9C030025BF36;
					};
					1D32BB36264E9C030025BF36 = {
						CreatedOnToolsVersion = 12.5;
						TestTargetID = 1D32BB23264E9C030025BF36;
					};
				};
			};
			buildConfigurationList = 1D32BB13264E9C010025BF36 /* Build configuration list for PBXProject "ToDoList" */;
			compatibilityVersion = "Xcode 9.3";
			developmentRegion = en;
			hasScannedForEncodings = 0;
			knownRegions = (
				en,
				Base,
			);
			mainGroup = 1D32BB0F264E9C010025BF36;
			productRefGroup = 1D32BB1D264E9C030025BF36 /* Products */;
			projectDirPath = "";
			projectRoot = "";
			targets = (
				1D32BB1B264E9C030025BF36 /* ToDoList (iOS) */,
				1D32BB23264E9C030025BF36 /* ToDoList (macOS) */,
				1D32BB2B264E9C030025BF36 /* Tests iOS */,
				1D32BB36264E9C030025BF36 /* Tests macOS */,
			);
		};
/* End PBXProject section */

/* Begin PBXResourcesBuildPhase section */
		1D32BB1A264E9C030025BF36 /* Resources */ = {
			isa = PBXResourcesBuildPhase;
			buildActionMask = 2147483647;
			files = (
				1D32BB53264E9FCE0025BF36 /* menu.json in Resources */,
				1D32BB42264E9C030025BF36 /* Assets.xcassets in Resources */,
			);
			runOnlyForDeploymentPostprocessing = 0;
		};
		1D32BB22264E9C030025BF36 /* Resources */ = {
			isa = PBXResourcesBuildPhase;
			buildActionMask = 2147483647;
			files = (
				1D32BB54264E9FCE0025BF36 /* menu.json in Resources */,
				1D32BB43264E9C030025BF36 /* Assets.xcassets in Resources */,
			);
			runOnlyForDeploymentPostprocessing = 0;
		};
		1D32BB2A264E9C030025BF36 /* Resources */ = {
			isa = PBXResourcesBuildPhase;
			buildActionMask = 2147483647;
			files = (
			);
			runOnlyForDeploymentPostprocessing = 0;
		};
		1D32BB35264E9C030025BF36 /* Resources */ = {
			isa = PBXResourcesBuildPhase;
			buildActionMask = 2147483647;
			files = (
			);
			runOnlyForDeploymentPostprocessing = 0;
		};
/* End PBXResourcesBuildPhase section */

/* Begin PBXSourcesBuildPhase section */
		1D32BB18264E9C030025BF36 /* Sources */ = {
			isa = PBXSourcesBuildPhase;
			buildActionMask = 2147483647;
			files = (
				1D32BB56264EA0070025BF36 /* ContentView.swift in Sources */,
				1D32BB68264EA1090025BF36 /* MainView.swift in Sources */,
				1D32BB6E264EA1430025BF36 /* CheckoutView.swift in Sources */,
				1D32BB62264EA0960025BF36 /* ItemDetail.swift in Sources */,
				1D32BB3E264E9C030025BF36 /* ToDoListApp.swift in Sources */,
				1D32BB5F264EA08C0025BF36 /* ItemRow.swift in Sources */,
				1D32BB5C264EA0830025BF36 /* Menu.swift in Sources */,
				1D32BB6B264EA1180025BF36 /* OrderView.swift in Sources */,
				1D32BB59264EA0230025BF36 /* Helper.swift in Sources */,
				1D32BB65264EA0BE0025BF36 /* Order.swift in Sources */,
			);
			runOnlyForDeploymentPostprocessing = 0;
		};
		1D32BB20264E9C030025BF36 /* Sources */ = {
			isa = PBXSourcesBuildPhase;
			buildActionMask = 2147483647;
			files = (
				1D32BB57264EA0070025BF36 /* ContentView.swift in Sources */,
				1D32BB69264EA1090025BF36 /* MainView.swift in Sources */,
				1D32BB6F264EA1430025BF36 /* CheckoutView.swift in Sources */,
				1D32BB63264EA0960025BF36 /* ItemDetail.swift in Sources */,
				1D32BB3F264E9C030025BF36 /* ToDoListApp.swift in Sources */,
				1D32BB60264EA08C0025BF36 /* ItemRow.swift in Sources */,
				1D32BB5D264EA0830025BF36 /* Menu.swift in Sources */,
				1D32BB6C264EA1180025BF36 /* OrderView.swift in Sources */,
				1D32BB5A264EA0230025BF36 /* Helper.swift in Sources */,
				1D32BB66264EA0BE0025BF36 /* Order.swift in Sources */,
			);
			runOnlyForDeploymentPostprocessing = 0;
		};
		1D32BB28264E9C030025BF36 /* Sources */ = {
			isa = PBXSourcesBuildPhase;
			buildActionMask = 2147483647;
			files = (
				1D32BB31264E9C030025BF36 /* Tests_iOS.swift in Sources */,
			);
			runOnlyForDeploymentPostprocessing = 0;
		};
		1D32BB33264E9C030025BF36 /* Sources */ = {
			isa = PBXSourcesBuildPhase;
			buildActionMask = 2147483647;
			files = (
				1D32BB3C264E9C030025BF36 /* Tests_macOS.swift in Sources */,
			);
			runOnlyForDeploymentPostprocessing = 0;
		};
/* End PBXSourcesBuildPhase section */

/* Begin PBXTargetDependency section */
		1D32BB2E264E9C030025BF36 /* PBXTargetDependency */ = {
			isa = PBXTargetDependency;
			target = 1D32BB1B264E9C030025BF36 /* ToDoList (iOS) */;
			targetProxy = 1D32BB2D264E9C030025BF36 /* PBXContainerItemProxy */;
		};
		1D32BB39264E9C030025BF36 /* PBXTargetDependency */ = {
			isa = PBXTargetDependency;
			target = 1D32BB23264E9C030025BF36 /* ToDoList (macOS) */;
			targetProxy = 1D32BB38264E9C030025BF36 /* PBXContainerItemProxy */;
		};
/* End PBXTargetDependency section */

/* Begin XCBuildConfiguration section */
		1D32BB44264E9C030025BF36 /* Debug */ = {
			isa = XCBuildConfiguration;
			buildSettings = {
				ALWAYS_SEARCH_USER_PATHS = NO;
				CLANG_ANALYZER_NONNULL = YES;
				CLANG_ANALYZER_NUMBER_OBJECT_CONVERSION = YES_AGGRESSIVE;
				CLANG_CXX_LANGUAGE_STANDARD = "gnu++14";
				CLANG_CXX_LIBRARY = "libc++";
				CLANG_ENABLE_MODULES = YES;
				CLANG_ENABLE_OBJC_ARC = YES;
				CLANG_ENABLE_OBJC_WEAK = YES;
				CLANG_WARN_BLOCK_CAPTURE_AUTORELEASING = YES;
				CLANG_WARN_BOOL_CONVERSION = YES;
				CLANG_WARN_COMMA = YES;
				CLANG_WARN_CONSTANT_CONVERSION = YES;
				CLANG_WARN_DEPRECATED_OBJC_IMPLEMENTATIONS = YES;
				CLANG_WARN_DIRECT_OBJC_ISA_USAGE = YES_ERROR;
				CLANG_WARN_DOCUMENTATION_COMMENTS = YES;
				CLANG_WARN_EMPTY_BODY = YES;
				CLANG_WARN_ENUM_CONVERSION = YES;
				CLANG_WARN_INFINITE_RECURSION = YES;
				CLANG_WARN_INT_CONVERSION = YES;
				CLANG_WARN_NON_LITERAL_NULL_CONVERSION = YES;
				CLANG_WARN_OBJC_IMPLICIT_RETAIN_SELF = YES;
				CLANG_WARN_OBJC_LITERAL_CONVERSION = YES;
				CLANG_WARN_OBJC_ROOT_CLASS = YES_ERROR;
				CLANG_WARN_QUOTED_INCLUDE_IN_FRAMEWORK_HEADER = YES;
				CLANG_WARN_RANGE_LOOP_ANALYSIS = YES;
				CLANG_WARN_STRICT_PROTOTYPES = YES;
				CLANG_WARN_SUSPICIOUS_MOVE = YES;
				CLANG_WARN_UNGUARDED_AVAILABILITY = YES_AGGRESSIVE;
				CLANG_WARN_UNREACHABLE_CODE = YES;
				CLANG_WARN__DUPLICATE_METHOD_MATCH = YES;
				COPY_PHASE_STRIP = NO;
				DEBUG_INFORMATION_FORMAT = dwarf;
				ENABLE_STRICT_OBJC_MSGSEND = YES;
				ENABLE_TESTABILITY = YES;
				GCC_C_LANGUAGE_STANDARD = gnu11;
				GCC_DYNAMIC_NO_PIC = NO;
				GCC_NO_COMMON_BLOCKS = YES;
				GCC_OPTIMIZATION_LEVEL = 0;
				GCC_PREPROCESSOR_DEFINITIONS = (
					"DEBUG=1",
					"$(inherited)",
				);
				GCC_WARN_64_TO_32_BIT_CONVERSION = YES;
				GCC_WARN_ABOUT_RETURN_TYPE = YES_ERROR;
				GCC_WARN_UNDECLARED_SELECTOR = YES;
				GCC_WARN_UNINITIALIZED_AUTOS = YES_AGGRESSIVE;
				GCC_WARN_UNUSED_FUNCTION = YES;
				GCC_WARN_UNUSED_VARIABLE = YES;
				MTL_ENABLE_DEBUG_INFO = INCLUDE_SOURCE;
				MTL_FAST_MATH = YES;
				ONLY_ACTIVE_ARCH = YES;
				SWIFT_ACTIVE_COMPILATION_CONDITIONS = DEBUG;
				SWIFT_OPTIMIZATION_LEVEL = "-Onone";
			};
			name = Debug;
		};
		1D32BB45264E9C030025BF36 /* Release */ = {
			isa = XCBuildConfiguration;
			buildSettings = {
				ALWAYS_SEARCH_USER_PATHS = NO;
				CLANG_ANALYZER_NONNULL = YES;
				CLANG_ANALYZER_NUMBER_OBJECT_CONVERSION = YES_AGGRESSIVE;
				CLANG_CXX_LANGUAGE_STANDARD = "gnu++14";
				CLANG_CXX_LIBRARY = "libc++";
				CLANG_ENABLE_MODULES = YES;
				CLANG_ENABLE_OBJC_ARC = YES;
				CLANG_ENABLE_OBJC_WEAK = YES;
				CLANG_WARN_BLOCK_CAPTURE_AUTORELEASING = YES;
				CLANG_WARN_BOOL_CONVERSION = YES;
				CLANG_WARN_COMMA = YES;
				CLANG_WARN_CONSTANT_CONVERSION = YES;
				CLANG_WARN_DEPRECATED_OBJC_IMPLEMENTATIONS = YES;
				CLANG_WARN_DIRECT_OBJC_ISA_USAGE = YES_ERROR;
				CLANG_WARN_DOCUMENTATION_COMMENTS = YES;
				CLANG_WARN_EMPTY_BODY = YES;
				CLANG_WARN_ENUM_CONVERSION = YES;
				CLANG_WARN_INFINITE_RECURSION = YES;
				CLANG_WARN_INT_CONVERSION = YES;
				CLANG_WARN_NON_LITERAL_NULL_CONVERSION = YES;
				CLANG_WARN_OBJC_IMPLICIT_RETAIN_SELF = YES;
				CLANG_WARN_OBJC_LITERAL_CONVERSION = YES;
				CLANG_WARN_OBJC_ROOT_CLASS = YES_ERROR;
				CLANG_WARN_QUOTED_INCLUDE_IN_FRAMEWORK_HEADER = YES;
				CLANG_WARN_RANGE_LOOP_ANALYSIS = YES;
				CLANG_WARN_STRICT_PROTOTYPES = YES;
				CLANG_WARN_SUSPICIOUS_MOVE = YES;
				CLANG_WARN_UNGUARDED_AVAILABILITY = YES_AGGRESSIVE;
				CLANG_WARN_UNREACHABLE_CODE = YES;
				CLANG_WARN__DUPLICATE_METHOD_MATCH = YES;
				COPY_PHASE_STRIP = NO;
				DEBUG_INFORMATION_FORMAT = "dwarf-with-dsym";
				ENABLE_NS_ASSERTIONS = NO;
				ENABLE_STRICT_OBJC_MSGSEND = YES;
				GCC_C_LANGUAGE_STANDARD = gnu11;
				GCC_NO_COMMON_BLOCKS = YES;
				GCC_WARN_64_TO_32_BIT_CONVERSION = YES;
				GCC_WARN_ABOUT_RETURN_TYPE = YES_ERROR;
				GCC_WARN_UNDECLARED_SELECTOR = YES;
				GCC_WARN_UNINITIALIZED_AUTOS = YES_AGGRESSIVE;
				GCC_WARN_UNUSED_FUNCTION = YES;
				GCC_WARN_UNUSED_VARIABLE = YES;
				MTL_ENABLE_DEBUG_INFO = NO;
				MTL_FAST_MATH = YES;
				SWIFT_COMPILATION_MODE = wholemodule;
				SWIFT_OPTIMIZATION_LEVEL = "-O";
			};
			name = Release;
		};
		1D32BB47264E9C030025BF36 /* Debug */ = {
			isa = XCBuildConfiguration;
			buildSettings = {
				ASSETCATALOG_COMPILER_APPICON_NAME = AppIcon;
				ASSETCATALOG_COMPILER_GLOBAL_ACCENT_COLOR_NAME = AccentColor;
				CODE_SIGN_STYLE = Automatic;
				ENABLE_PREVIEWS = YES;
				INFOPLIST_FILE = iOS/Info.plist;
				IPHONEOS_DEPLOYMENT_TARGET = 14.0;
				LD_RUNPATH_SEARCH_PATHS = (
					"$(inherited)",
					"@executable_path/Frameworks",
				);
				PRODUCT_BUNDLE_IDENTIFIER = LAB.ToDoList;
				PRODUCT_NAME = ToDoList;
				SDKROOT = iphoneos;
				SWIFT_VERSION = 5.0;
				TARGETED_DEVICE_FAMILY = "1,2";
			};
			name = Debug;
		};
		1D32BB48264E9C030025BF36 /* Release */ = {
			isa = XCBuildConfiguration;
			buildSettings = {
				ASSETCATALOG_COMPILER_APPICON_NAME = AppIcon;
				ASSETCATALOG_COMPILER_GLOBAL_ACCENT_COLOR_NAME = AccentColor;
				CODE_SIGN_STYLE = Automatic;
				ENABLE_PREVIEWS = YES;
				INFOPLIST_FILE = iOS/Info.plist;
				IPHONEOS_DEPLOYMENT_TARGET = 14.0;
				LD_RUNPATH_SEARCH_PATHS = (
					"$(inherited)",
					"@executable_path/Frameworks",
				);
				PRODUCT_BUNDLE_IDENTIFIER = LAB.ToDoList;
				PRODUCT_NAME = ToDoList;
				SDKROOT = iphoneos;
				SWIFT_VERSION = 5.0;
				TARGETED_DEVICE_FAMILY = "1,2";
				VALIDATE_PRODUCT = YES;
			};
			name = Release;
		};
		1D32BB4A264E9C030025BF36 /* Debug */ = {
			isa = XCBuildConfiguration;
			buildSettings = {
				ASSETCATALOG_COMPILER_APPICON_NAME = AppIcon;
				ASSETCATALOG_COMPILER_GLOBAL_ACCENT_COLOR_NAME = AccentColor;
				CODE_SIGN_ENTITLEMENTS = macOS/macOS.entitlements;
				CODE_SIGN_STYLE = Automatic;
				COMBINE_HIDPI_IMAGES = YES;
				ENABLE_PREVIEWS = YES;
				INFOPLIST_FILE = macOS/Info.plist;
				LD_RUNPATH_SEARCH_PATHS = (
					"$(inherited)",
					"@executable_path/../Frameworks",
				);
				MACOSX_DEPLOYMENT_TARGET = 11.0;
				PRODUCT_BUNDLE_IDENTIFIER = LAB.ToDoList;
				PRODUCT_NAME = ToDoList;
				SDKROOT = macosx;
				SWIFT_VERSION = 5.0;
			};
			name = Debug;
		};
		1D32BB4B264E9C030025BF36 /* Release */ = {
			isa = XCBuildConfiguration;
			buildSettings = {
				ASSETCATALOG_COMPILER_APPICON_NAME = AppIcon;
				ASSETCATALOG_COMPILER_GLOBAL_ACCENT_COLOR_NAME = AccentColor;
				CODE_SIGN_ENTITLEMENTS = macOS/macOS.entitlements;
				CODE_SIGN_STYLE = Automatic;
				COMBINE_HIDPI_IMAGES = YES;
				ENABLE_PREVIEWS = YES;
				INFOPLIST_FILE = macOS/Info.plist;
				LD_RUNPATH_SEARCH_PATHS = (
					"$(inherited)",
					"@executable_path/../Frameworks",
				);
				MACOSX_DEPLOYMENT_TARGET = 11.0;
				PRODUCT_BUNDLE_IDENTIFIER = LAB.ToDoList;
				PRODUCT_NAME = ToDoList;
				SDKROOT = macosx;
				SWIFT_VERSION = 5.0;
			};
			name = Release;
		};
		1D32BB4D264E9C030025BF36 /* Debug */ = {
			isa = XCBuildConfiguration;
			buildSettings = {
				ALWAYS_EMBED_SWIFT_STANDARD_LIBRARIES = YES;
				CODE_SIGN_STYLE = Automatic;
				INFOPLIST_FILE = "Tests iOS/Info.plist";
				IPHONEOS_DEPLOYMENT_TARGET = 14.5;
				LD_RUNPATH_SEARCH_PATHS = (
					"$(inherited)",
					"@executable_path/Frameworks",
					"@loader_path/Frameworks",
				);
				PRODUCT_BUNDLE_IDENTIFIER = "LAB.Tests-iOS";
				PRODUCT_NAME = "$(TARGET_NAME)";
				SDKROOT = iphoneos;
				SWIFT_VERSION = 5.0;
				TARGETED_DEVICE_FAMILY = "1,2";
				TEST_TARGET_NAME = "ToDoList (iOS)";
			};
			name = Debug;
		};
		1D32BB4E264E9C030025BF36 /* Release */ = {
			isa = XCBuildConfiguration;
			buildSettings = {
				ALWAYS_EMBED_SWIFT_STANDARD_LIBRARIES = YES;
				CODE_SIGN_STYLE = Automatic;
				INFOPLIST_FILE = "Tests iOS/Info.plist";
				IPHONEOS_DEPLOYMENT_TARGET = 14.5;
				LD_RUNPATH_SEARCH_PATHS = (
					"$(inherited)",
					"@executable_path/Frameworks",
					"@loader_path/Frameworks",
				);
				PRODUCT_BUNDLE_IDENTIFIER = "LAB.Tests-iOS";
				PRODUCT_NAME = "$(TARGET_NAME)";
				SDKROOT = iphoneos;
				SWIFT_VERSION = 5.0;
				TARGETED_DEVICE_FAMILY = "1,2";
				TEST_TARGET_NAME = "ToDoList (iOS)";
				VALIDATE_PRODUCT = YES;
			};
			name = Release;
		};
		1D32BB50264E9C030025BF36 /* Debug */ = {
			isa = XCBuildConfiguration;
			buildSettings = {
				ALWAYS_EMBED_SWIFT_STANDARD_LIBRARIES = YES;
				CODE_SIGN_STYLE = Automatic;
				COMBINE_HIDPI_IMAGES = YES;
				INFOPLIST_FILE = "Tests macOS/Info.plist";
				LD_RUNPATH_SEARCH_PATHS = (
					"$(inherited)",
					"@executable_path/../Frameworks",
					"@loader_path/../Frameworks",
				);
				MACOSX_DEPLOYMENT_TARGET = 11.2;
				PRODUCT_BUNDLE_IDENTIFIER = "LAB.Tests-macOS";
				PRODUCT_NAME = "$(TARGET_NAME)";
				SDKROOT = macosx;
				SWIFT_VERSION = 5.0;
				TEST_TARGET_NAME = "ToDoList (macOS)";
			};
			name = Debug;
		};
		1D32BB51264E9C030025BF36 /* Release */ = {
			isa = XCBuildConfiguration;
			buildSettings = {
				ALWAYS_EMBED_SWIFT_STANDARD_LIBRARIES = YES;
				CODE_SIGN_STYLE = Automatic;
				COMBINE_HIDPI_IMAGES = YES;
				INFOPLIST_FILE = "Tests macOS/Info.plist";
				LD_RUNPATH_SEARCH_PATHS = (
					"$(inherited)",
					"@executable_path/../Frameworks",
					"@loader_path/../Frameworks",
				);
				MACOSX_DEPLOYMENT_TARGET = 11.2;
				PRODUCT_BUNDLE_IDENTIFIER = "LAB.Tests-macOS";
				PRODUCT_NAME = "$(TARGET_NAME)";
				SDKROOT = macosx;
				SWIFT_VERSION = 5.0;
				TEST_TARGET_NAME = "ToDoList (macOS)";
			};
			name = Release;
		};
/* End XCBuildConfiguration section */

/* Begin XCConfigurationList section */
		1D32BB13264E9C010025BF36 /* Build configuration list for PBXProject "ToDoList" */ = {
			isa = XCConfigurationList;
			buildConfigurations = (
				1D32BB44264E9C030025BF36 /* Debug */,
				1D32BB45264E9C030025BF36 /* Release */,
			);
			defaultConfigurationIsVisible = 0;
			defaultConfigurationName = Release;
		};
		1D32BB46264E9C030025BF36 /* Build configuration list for PBXNativeTarget "ToDoList (iOS)" */ = {
			isa = XCConfigurationList;
			buildConfigurations = (
				1D32BB47264E9C030025BF36 /* Debug */,
				1D32BB48264E9C030025BF36 /* Release */,
			);
			defaultConfigurationIsVisible = 0;
			defaultConfigurationName = Release;
		};
		1D32BB49264E9C030025BF36 /* Build configuration list for PBXNativeTarget "ToDoList (macOS)" */ = {
			isa = XCConfigurationList;
			buildConfigurations = (
				1D32BB4A264E9C030025BF36 /* Debug */,
				1D32BB4B264E9C030025BF36 /* Release */,
			);
			defaultConfigurationIsVisible = 0;
			defaultConfigurationName = Release;
		};
		1D32BB4C264E9C030025BF36 /* Build configuration list for PBXNativeTarget "Tests iOS" */ = {
			isa = XCConfigurationList;
			buildConfigurations = (
				1D32BB4D264E9C030025BF36 /* Debug */,
				1D32BB4E264E9C030025BF36 /* Release */,
			);
			defaultConfigurationIsVisible = 0;
			defaultConfigurationName = Release;
		};
		1D32BB4F264E9C030025BF36 /* Build configuration list for PBXNativeTarget "Tests macOS" */ = {
			isa = XCConfigurationList;
			buildConfigurations = (
				1D32BB50264E9C030025BF36 /* Debug */,
				1D32BB51264E9C030025BF36 /* Release */,
			);
			defaultConfigurationIsVisible = 0;
			defaultConfigurationName = Release;
		};
/* End XCConfigurationList section */
	};
	rootObject = 1D32BB10264E9C010025BF36 /* Project object */;
}
